
Microsoft Visual Studio Solution File, Format Version 12.00
# Visual Studio Version 16
VisualStudioVersion = 16.0.30523.141
MinimumVisualStudioVersion = 10.0.40219.1
Project("{FAE04EC0-301F-11D3-BF4B-00C04F79EFBC}") = "LearningCsharp", "LearningCsharp\LearningCsharp.csproj", "{AE9C30D9-35D6-40F5-BBA2-EE46B9C2B907}"
EndProject
Project("{FAE04EC0-301F-11D3-BF4B-00C04F79EFBC}") = "Exercise4b20-10", "Exercise4b20-10\Exercise4b20-10.csproj", "{5E3CACE1-04BF-4EA7-95D3-ACFE4F32636F}"
EndProject
Global
	GlobalSection(SolutionConfigurationPlatforms) = preSolution
		Debug|Any CPU = Debug|Any CPU
		Release|Any CPU = Release|Any CPU
	EndGlobalSection
	GlobalSection(ProjectConfigurationPlatforms) = postSolution
		{AE9C30D9-35D6-40F5-BBA2-EE46B9C2B907}.Debug|Any CPU.ActiveCfg = Debug|Any CPU
		{AE9C30D9-35D6-40F5-BBA2-EE46B9C2B907}.Debug|Any CPU.Build.0 = Debug|Any CPU
		{AE9C30D9-35D6-40F5-BBA2-EE46B9C2B907}.Release|Any CPU.ActiveCfg = Release|Any CPU
		{AE9C30D9-35D6-40F5-BBA2-EE46B9C2B907}.Release|Any CPU.Build.0 = Release|Any CPU
		{5E3CACE1-04BF-4EA7-95D3-ACFE4F32636F}.Debug|Any CPU.ActiveCfg = Debug|Any CPU
		{5E3CACE1-04BF-4EA7-95D3-ACFE4F32636F}.Debug|Any CPU.Build.0 = Debug|Any CPU
		{5E3CACE1-04BF-4EA7-95D3-ACFE4F32636F}.Release|Any CPU.ActiveCfg = Release|Any CPU
		{5E3CACE1-04BF-4EA7-95D3-ACFE4F32636F}.Release|Any CPU.Build.0 = Release|Any CPU
	EndGlobalSection
	GlobalSection(SolutionProperties) = preSolution
		HideSolutionNode = FALSE
	EndGlobalSection
	GlobalSection(ExtensibilityGlobals) = postSolution
		SolutionGuid = {333B4548-F84F-42FD-B75C-2E1917B80B67}
	EndGlobalSection
EndGlobal
